
Microsoft Visual Studio Solution File, Format Version 12.00
# Visual Studio 15
VisualStudioVersion = 15.0.26403.7
MinimumVisualStudioVersion = 10.0.40219.1
Project("{FAE04EC0-301F-11D3-BF4B-00C04F79EFBC}") = "11212", "11212\11212.csproj", "{B97DAB6B-C37B-4273-B578-D0087C965C7F}"
EndProject
Global
	GlobalSection(SolutionConfigurationPlatforms) = preSolution
		Debug|Any CPU = Debug|Any CPU
		Release|Any CPU = Release|Any CPU
	EndGlobalSection
	GlobalSection(ProjectConfigurationPlatforms) = postSolution
		{B97DAB6B-C37B-4273-B578-D0087C965C7F}.Debug|Any CPU.ActiveCfg = Debug|Any CPU
		{B97DAB6B-C37B-4273-B578-D0087C965C7F}.Debug|Any CPU.Build.0 = Debug|Any CPU
		{B97DAB6B-C37B-4273-B578-D0087C965C7F}.Release|Any CPU.ActiveCfg = Release|Any CPU
		{B97DAB6B-C37B-4273-B578-D0087C965C7F}.Release|Any CPU.Build.0 = Release|Any CPU
	EndGlobalSection
	GlobalSection(SolutionProperties) = preSolution
		HideSolutionNode = FALSE
	EndGlobalSection
EndGlobal
